// !$*UTF8*$!
{
	archiveVersion = 1;
	classes = {
	};
	objectVersion = 50;
	objects = {

/* Begin PBXBuildFile section */
		2D6419DE2153D8C900DCBE71 /* AppDelegate.swift in Sources */ = {isa = PBXBuildFile; fileRef = 2D6419DD2153D8C900DCBE71 /* AppDelegate.swift */; };
		2D6419E02153D8C900DCBE71 /* ViewController.swift in Sources */ = {isa = PBXBuildFile; fileRef = 2D6419DF2153D8C900DCBE71 /* ViewController.swift */; };
		2D6419E32153D8C900DCBE71 /* Main.storyboard in Resources */ = {isa = PBXBuildFile; fileRef = 2D6419E12153D8C900DCBE71 /* Main.storyboard */; };
		2D6419E52153D8C900DCBE71 /* Assets.xcassets in Resources */ = {isa = PBXBuildFile; fileRef = 2D6419E42153D8C900DCBE71 /* Assets.xcassets */; };
		2D6419E82153D8C900DCBE71 /* LaunchScreen.storyboard in Resources */ = {isa = PBXBuildFile; fileRef = 2D6419E62153D8C900DCBE71 /* LaunchScreen.storyboard */; };
		2D6419F32153D8C900DCBE71 /* kataLoginLogoutTests.swift in Sources */ = {isa = PBXBuildFile; fileRef = 2D6419F22153D8C900DCBE71 /* kataLoginLogoutTests.swift */; };
		2D6419FE2153D8C900DCBE71 /* kataLoginLogoutUITests.swift in Sources */ = {isa = PBXBuildFile; fileRef = 2D6419FD2153D8C900DCBE71 /* kataLoginLogoutUITests.swift */; };
/* End PBXBuildFile section */

/* Begin PBXContainerItemProxy section */
		2D6419EF2153D8C900DCBE71 /* PBXContainerItemProxy */ = {
			isa = PBXContainerItemProxy;
			containerPortal = 2D6419D22153D8C800DCBE71 /* Project object */;
			proxyType = 1;
			remoteGlobalIDString = 2D6419D92153D8C900DCBE71;
			remoteInfo = kataLoginLogout;
		};
		2D6419FA2153D8C900DCBE71 /* PBXContainerItemProxy */ = {
			isa = PBXContainerItemProxy;
			containerPortal = 2D6419D22153D8C800DCBE71 /* Project object */;
			proxyType = 1;
			remoteGlobalIDString = 2D6419D92153D8C900DCBE71;
			remoteInfo = kataLoginLogout;
		};
/* End PBXContainerItemProxy section */

/* Begin PBXFileReference section */
		2D6419DA2153D8C900DCBE71 /* kataLoginLogout.app */ = {isa = PBXFileReference; explicitFileType = wrapper.application; includeInIndex = 0; path = kataLoginLogout.app; sourceTree = BUILT_PRODUCTS_DIR; };
		2D6419DD2153D8C900DCBE71 /* AppDelegate.swift */ = {isa = PBXFileReference; lastKnownFileType = sourcecode.swift; path = AppDelegate.swift; sourceTree = "<group>"; };
		2D6419DF2153D8C900DCBE71 /* ViewController.swift */ = {isa = PBXFileReference; lastKnownFileType = sourcecode.swift; path = ViewController.swift; sourceTree = "<group>"; };
		2D6419E22153D8C900DCBE71 /* Base */ = {isa = PBXFileReference; lastKnownFileType = file.storyboard; name = Base; path = Base.lproj/Main.storyboard; sourceTree = "<group>"; };
		2D6419E42153D8C900DCBE71 /* Assets.xcassets */ = {isa = PBXFileReference; lastKnownFileType = folder.assetcatalog; path = Assets.xcassets; sourceTree = "<group>"; };
		2D6419E72153D8C900DCBE71 /* Base */ = {isa = PBXFileReference; lastKnownFileType = file.storyboard; name = Base; path = Base.lproj/LaunchScreen.storyboard; sourceTree = "<group>"; };
		2D6419E92153D8C900DCBE71 /* Info.plist */ = {isa = PBXFileReference; lastKnownFileType = text.plist.xml; path = Info.plist; sourceTree = "<group>"; };
		2D6419EE2153D8C900DCBE71 /* kataLoginLogoutTests.xctest */ = {isa = PBXFileReference; explicitFileType = wrapper.cfbundle; includeInIndex = 0; path = kataLoginLogoutTests.xctest; sourceTree = BUILT_PRODUCTS_DIR; };
		2D6419F22153D8C900DCBE71 /* kataLoginLogoutTests.swift */ = {isa = PBXFileReference; lastKnownFileType = sourcecode.swift; path = kataLoginLogoutTests.swift; sourceTree = "<group>"; };
		2D6419F42153D8C900DCBE71 /* Info.plist */ = {isa = PBXFileReference; lastKnownFileType = text.plist.xml; path = Info.plist; sourceTree = "<group>"; };
		2D6419F92153D8C900DCBE71 /* kataLoginLogoutUITests.xctest */ = {isa = PBXFileReference; explicitFileType = wrapper.cfbundle; includeInIndex = 0; path = kataLoginLogoutUITests.xctest; sourceTree = BUILT_PRODUCTS_DIR; };
		2D6419FD2153D8C900DCBE71 /* kataLoginLogoutUITests.swift */ = {isa = PBXFileReference; lastKnownFileType = sourcecode.swift; path = kataLoginLogoutUITests.swift; sourceTree = "<group>"; };
		2D6419FF2153D8C900DCBE71 /* Info.plist */ = {isa = PBXFileReference; lastKnownFileType = text.plist.xml; path = Info.plist; sourceTree = "<group>"; };
/* End PBXFileReference section */

/* Begin PBXFrameworksBuildPhase section */
		2D6419D72153D8C900DCBE71 /* Frameworks */ = {
			isa = PBXFrameworksBuildPhase;
			buildActionMask = 2147483647;
			files = (
			);
			runOnlyForDeploymentPostprocessing = 0;
		};
		2D6419EB2153D8C900DCBE71 /* Frameworks */ = {
			isa = PBXFrameworksBuildPhase;
			buildActionMask = 2147483647;
			files = (
			);
			runOnlyForDeploymentPostprocessing = 0;
		};
		2D6419F62153D8C900DCBE71 /* Frameworks */ = {
			isa = PBXFrameworksBuildPhase;
			buildActionMask = 2147483647;
			files = (
			);
			runOnlyForDeploymentPostprocessing = 0;
		};
/* End PBXFrameworksBuildPhase section */

/* Begin PBXGroup section */
		2D6419D12153D8C800DCBE71 = {
			isa = PBXGroup;
			children = (
				2D6419DC2153D8C900DCBE71 /* kataLoginLogout */,
				2D6419F12153D8C900DCBE71 /* kataLoginLogoutTests */,
				2D6419FC2153D8C900DCBE71 /* kataLoginLogoutUITests */,
				2D6419DB2153D8C900DCBE71 /* Products */,
			);
			sourceTree = "<group>";
		};
		2D6419DB2153D8C900DCBE71 /* Products */ = {
			isa = PBXGroup;
			children = (
				2D6419DA2153D8C900DCBE71 /* kataLoginLogout.app */,
				2D6419EE2153D8C900DCBE71 /* kataLoginLogoutTests.xctest */,
				2D6419F92153D8C900DCBE71 /* kataLoginLogoutUITests.xctest */,
			);
			name = Products;
			sourceTree = "<group>";
		};
		2D6419DC2153D8C900DCBE71 /* kataLoginLogout */ = {
			isa = PBXGroup;
			children = (
				2D6419DD2153D8C900DCBE71 /* AppDelegate.swift */,
				2D6419DF2153D8C900DCBE71 /* ViewController.swift */,
				2D6419E12153D8C900DCBE71 /* Main.storyboard */,
				2D6419E42153D8C900DCBE71 /* Assets.xcassets */,
				2D6419E62153D8C900DCBE71 /* LaunchScreen.storyboard */,
				2D6419E92153D8C900DCBE71 /* Info.plist */,
			);
			path = kataLoginLogout;
			sourceTree = "<group>";
		};
		2D6419F12153D8C900DCBE71 /* kataLoginLogoutTests */ = {
			isa = PBXGroup;
			children = (
				2D6419F22153D8C900DCBE71 /* kataLoginLogoutTests.swift */,
				2D6419F42153D8C900DCBE71 /* Info.plist */,
			);
			path = kataLoginLogoutTests;
			sourceTree = "<group>";
		};
		2D6419FC2153D8C900DCBE71 /* kataLoginLogoutUITests */ = {
			isa = PBXGroup;
			children = (
				2D6419FD2153D8C900DCBE71 /* kataLoginLogoutUITests.swift */,
				2D6419FF2153D8C900DCBE71 /* Info.plist */,
			);
			path = kataLoginLogoutUITests;
			sourceTree = "<group>";
		};
/* End PBXGroup section */

/* Begin PBXNativeTarget section */
		2D6419D92153D8C900DCBE71 /* kataLoginLogout */ = {
			isa = PBXNativeTarget;
			buildConfigurationList = 2D641A022153D8C900DCBE71 /* Build configuration list for PBXNativeTarget "kataLoginLogout" */;
			buildPhases = (
				2D6419D62153D8C900DCBE71 /* Sources */,
				2D6419D72153D8C900DCBE71 /* Frameworks */,
				2D6419D82153D8C900DCBE71 /* Resources */,
			);
			buildRules = (
			);
			dependencies = (
			);
			name = kataLoginLogout;
			productName = kataLoginLogout;
			productReference = 2D6419DA2153D8C900DCBE71 /* kataLoginLogout.app */;
			productType = "com.apple.product-type.application";
		};
		2D6419ED2153D8C900DCBE71 /* kataLoginLogoutTests */ = {
			isa = PBXNativeTarget;
			buildConfigurationList = 2D641A052153D8C900DCBE71 /* Build configuration list for PBXNativeTarget "kataLoginLogoutTests" */;
			buildPhases = (
				2D6419EA2153D8C900DCBE71 /* Sources */,
				2D6419EB2153D8C900DCBE71 /* Frameworks */,
				2D6419EC2153D8C900DCBE71 /* Resources */,
			);
			buildRules = (
			);
			dependencies = (
				2D6419F02153D8C900DCBE71 /* PBXTargetDependency */,
			);
			name = kataLoginLogoutTests;
			productName = kataLoginLogoutTests;
			productReference = 2D6419EE2153D8C900DCBE71 /* kataLoginLogoutTests.xctest */;
			productType = "com.apple.product-type.bundle.unit-test";
		};
		2D6419F82153D8C900DCBE71 /* kataLoginLogoutUITests */ = {
			isa = PBXNativeTarget;
			buildConfigurationList = 2D641A082153D8C900DCBE71 /* Build configuration list for PBXNativeTarget "kataLoginLogoutUITests" */;
			buildPhases = (
				2D6419F52153D8C900DCBE71 /* Sources */,
				2D6419F62153D8C900DCBE71 /* Frameworks */,
				2D6419F72153D8C900DCBE71 /* Resources */,
			);
			buildRules = (
			);
			dependencies = (
				2D6419FB2153D8C900DCBE71 /* PBXTargetDependency */,
			);
			name = kataLoginLogoutUITests;
			productName = kataLoginLogoutUITests;
			productReference = 2D6419F92153D8C900DCBE71 /* kataLoginLogoutUITests.xctest */;
			productType = "com.apple.product-type.bundle.ui-testing";
		};
/* End PBXNativeTarget section */

/* Begin PBXProject section */
		2D6419D22153D8C800DCBE71 /* Project object */ = {
			isa = PBXProject;
			attributes = {
				LastSwiftUpdateCheck = 0940;
				LastUpgradeCheck = 0940;
				ORGANIZATIONNAME = Aiwin;
				TargetAttributes = {
					2D6419D92153D8C900DCBE71 = {
						CreatedOnToolsVersion = 9.4.1;
					};
					2D6419ED2153D8C900DCBE71 = {
						CreatedOnToolsVersion = 9.4.1;
						TestTargetID = 2D6419D92153D8C900DCBE71;
					};
					2D6419F82153D8C900DCBE71 = {
						CreatedOnToolsVersion = 9.4.1;
						TestTargetID = 2D6419D92153D8C900DCBE71;
					};
				};
			};
			buildConfigurationList = 2D6419D52153D8C800DCBE71 /* Build configuration list for PBXProject "kataLoginLogout" */;
			compatibilityVersion = "Xcode 9.3";
			developmentRegion = en;
			hasScannedForEncodings = 0;
			knownRegions = (
				en,
				Base,
			);
			mainGroup = 2D6419D12153D8C800DCBE71;
			productRefGroup = 2D6419DB2153D8C900DCBE71 /* Products */;
			projectDirPath = "";
			projectRoot = "";
			targets = (
				2D6419D92153D8C900DCBE71 /* kataLoginLogout */,
				2D6419ED2153D8C900DCBE71 /* kataLoginLogoutTests */,
				2D6419F82153D8C900DCBE71 /* kataLoginLogoutUITests */,
			);
		};
/* End PBXProject section */

/* Begin PBXResourcesBuildPhase section */
		2D6419D82153D8C900DCBE71 /* Resources */ = {
			isa = PBXResourcesBuildPhase;
			buildActionMask = 2147483647;
			files = (
				2D6419E82153D8C900DCBE71 /* LaunchScreen.storyboard in Resources */,
				2D6419E52153D8C900DCBE71 /* Assets.xcassets in Resources */,
				2D6419E32153D8C900DCBE71 /* Main.storyboard in Resources */,
			);
			runOnlyForDeploymentPostprocessing = 0;
		};
		2D6419EC2153D8C900DCBE71 /* Resources */ = {
			isa = PBXResourcesBuildPhase;
			buildActionMask = 2147483647;
			files = (
			);
			runOnlyForDeploymentPostprocessing = 0;
		};
		2D6419F72153D8C900DCBE71 /* Resources */ = {
			isa = PBXResourcesBuildPhase;
			buildActionMask = 2147483647;
			files = (
			);
			runOnlyForDeploymentPostprocessing = 0;
		};
/* End PBXResourcesBuildPhase section */

/* Begin PBXSourcesBuildPhase section */
		2D6419D62153D8C900DCBE71 /* Sources */ = {
			isa = PBXSourcesBuildPhase;
			buildActionMask = 2147483647;
			files = (
				2D6419E02153D8C900DCBE71 /* ViewController.swift in Sources */,
				2D6419DE2153D8C900DCBE71 /* AppDelegate.swift in Sources */,
			);
			runOnlyForDeploymentPostprocessing = 0;
		};
		2D6419EA2153D8C900DCBE71 /* Sources */ = {
			isa = PBXSourcesBuildPhase;
			buildActionMask = 2147483647;
			files = (
				2D6419F32153D8C900DCBE71 /* kataLoginLogoutTests.swift in Sources */,
			);
			runOnlyForDeploymentPostprocessing = 0;
		};
		2D6419F52153D8C900DCBE71 /* Sources */ = {
			isa = PBXSourcesBuildPhase;
			buildActionMask = 2147483647;
			files = (
				2D6419FE2153D8C900DCBE71 /* kataLoginLogoutUITests.swift in Sources */,
			);
			runOnlyForDeploymentPostprocessing = 0;
		};
/* End PBXSourcesBuildPhase section */

/* Begin PBXTargetDependency section */
		2D6419F02153D8C900DCBE71 /* PBXTargetDependency */ = {
			isa = PBXTargetDependency;
			target = 2D6419D92153D8C900DCBE71 /* kataLoginLogout */;
			targetProxy = 2D6419EF2153D8C900DCBE71 /* PBXContainerItemProxy */;
		};
		2D6419FB2153D8C900DCBE71 /* PBXTargetDependency */ = {
			isa = PBXTargetDependency;
			target = 2D6419D92153D8C900DCBE71 /* kataLoginLogout */;
			targetProxy = 2D6419FA2153D8C900DCBE71 /* PBXContainerItemProxy */;
		};
/* End PBXTargetDependency section */

/* Begin PBXVariantGroup section */
		2D6419E12153D8C900DCBE71 /* Main.storyboard */ = {
			isa = PBXVariantGroup;
			children = (
				2D6419E22153D8C900DCBE71 /* Base */,
			);
			name = Main.storyboard;
			sourceTree = "<group>";
		};
		2D6419E62153D8C900DCBE71 /* LaunchScreen.storyboard */ = {
			isa = PBXVariantGroup;
			children = (
				2D6419E72153D8C900DCBE71 /* Base */,
			);
			name = LaunchScreen.storyboard;
			sourceTree = "<group>";
		};
/* End PBXVariantGroup section */

/* Begin XCBuildConfiguration section */
		2D641A002153D8C900DCBE71 /* Debug */ = {
			isa = XCBuildConfiguration;
			buildSettings = {
				ALWAYS_SEARCH_USER_PATHS = NO;
				CLANG_ANALYZER_NONNULL = YES;
				CLANG_ANALYZER_NUMBER_OBJECT_CONVERSION = YES_AGGRESSIVE;
				CLANG_CXX_LANGUAGE_STANDARD = "gnu++14";
				CLANG_CXX_LIBRARY = "libc++";
				CLANG_ENABLE_MODULES = YES;
				CLANG_ENABLE_OBJC_ARC = YES;
				CLANG_ENABLE_OBJC_WEAK = YES;
				CLANG_WARN_BLOCK_CAPTURE_AUTORELEASING = YES;
				CLANG_WARN_BOOL_CONVERSION = YES;
				CLANG_WARN_COMMA = YES;
				CLANG_WARN_CONSTANT_CONVERSION = YES;
				CLANG_WARN_DEPRECATED_OBJC_IMPLEMENTATIONS = YES;
				CLANG_WARN_DIRECT_OBJC_ISA_USAGE = YES_ERROR;
				CLANG_WARN_DOCUMENTATION_COMMENTS = YES;
				CLANG_WARN_EMPTY_BODY = YES;
				CLANG_WARN_ENUM_CONVERSION = YES;
				CLANG_WARN_INFINITE_RECURSION = YES;
				CLANG_WARN_INT_CONVERSION = YES;
				CLANG_WARN_NON_LITERAL_NULL_CONVERSION = YES;
				CLANG_WARN_OBJC_IMPLICIT_RETAIN_SELF = YES;
				CLANG_WARN_OBJC_LITERAL_CONVERSION = YES;
				CLANG_WARN_OBJC_ROOT_CLASS = YES_ERROR;
				CLANG_WARN_RANGE_LOOP_ANALYSIS = YES;
				CLANG_WARN_STRICT_PROTOTYPES = YES;
				CLANG_WARN_SUSPICIOUS_MOVE = YES;
				CLANG_WARN_UNGUARDED_AVAILABILITY = YES_AGGRESSIVE;
				CLANG_WARN_UNREACHABLE_CODE = YES;
				CLANG_WARN__DUPLICATE_METHOD_MATCH = YES;
				CODE_SIGN_IDENTITY = "iPhone Developer";
				COPY_PHASE_STRIP = NO;
				DEBUG_INFORMATION_FORMAT = dwarf;
				ENABLE_STRICT_OBJC_MSGSEND = YES;
				ENABLE_TESTABILITY = YES;
				GCC_C_LANGUAGE_STANDARD = gnu11;
				GCC_DYNAMIC_NO_PIC = NO;
				GCC_NO_COMMON_BLOCKS = YES;
				GCC_OPTIMIZATION_LEVEL = 0;
				GCC_PREPROCESSOR_DEFINITIONS = (
					"DEBUG=1",
					"$(inherited)",
				);
				GCC_WARN_64_TO_32_BIT_CONVERSION = YES;
				GCC_WARN_ABOUT_RETURN_TYPE = YES_ERROR;
				GCC_WARN_UNDECLARED_SELECTOR = YES;
				GCC_WARN_UNINITIALIZED_AUTOS = YES_AGGRESSIVE;
				GCC_WARN_UNUSED_FUNCTION = YES;
				GCC_WARN_UNUSED_VARIABLE = YES;
				IPHONEOS_DEPLOYMENT_TARGET = 11.4;
				MTL_ENABLE_DEBUG_INFO = YES;
				ONLY_ACTIVE_ARCH = YES;
				SDKROOT = iphoneos;
				SWIFT_ACTIVE_COMPILATION_CONDITIONS = DEBUG;
				SWIFT_OPTIMIZATION_LEVEL = "-Onone";
			};
			name = Debug;
		};
		2D641A012153D8C900DCBE71 /* Release */ = {
			isa = XCBuildConfiguration;
			buildSettings = {
				ALWAYS_SEARCH_USER_PATHS = NO;
				CLANG_ANALYZER_NONNULL = YES;
				CLANG_ANALYZER_NUMBER_OBJECT_CONVERSION = YES_AGGRESSIVE;
				CLANG_CXX_LANGUAGE_STANDARD = "gnu++14";
				CLANG_CXX_LIBRARY = "libc++";
				CLANG_ENABLE_MODULES = YES;
				CLANG_ENABLE_OBJC_ARC = YES;
				CLANG_ENABLE_OBJC_WEAK = YES;
				CLANG_WARN_BLOCK_CAPTURE_AUTORELEASING = YES;
				CLANG_WARN_BOOL_CONVERSION = YES;
				CLANG_WARN_COMMA = YES;
				CLANG_WARN_CONSTANT_CONVERSION = YES;
				CLANG_WARN_DEPRECATED_OBJC_IMPLEMENTATIONS = YES;
				CLANG_WARN_DIRECT_OBJC_ISA_USAGE = YES_ERROR;
				CLANG_WARN_DOCUMENTATION_COMMENTS = YES;
				CLANG_WARN_EMPTY_BODY = YES;
				CLANG_WARN_ENUM_CONVERSION = YES;
				CLANG_WARN_INFINITE_RECURSION = YES;
				CLANG_WARN_INT_CONVERSION = YES;
				CLANG_WARN_NON_LITERAL_NULL_CONVERSION = YES;
				CLANG_WARN_OBJC_IMPLICIT_RETAIN_SELF = YES;
				CLANG_WARN_OBJC_LITERAL_CONVERSION = YES;
				CLANG_WARN_OBJC_ROOT_CLASS = YES_ERROR;
				CLANG_WARN_RANGE_LOOP_ANALYSIS = YES;
				CLANG_WARN_STRICT_PROTOTYPES = YES;
				CLANG_WARN_SUSPICIOUS_MOVE = YES;
				CLANG_WARN_UNGUARDED_AVAILABILITY = YES_AGGRESSIVE;
				CLANG_WARN_UNREACHABLE_CODE = YES;
				CLANG_WARN__DUPLICATE_METHOD_MATCH = YES;
				CODE_SIGN_IDENTITY = "iPhone Developer";
				COPY_PHASE_STRIP = NO;
				DEBUG_INFORMATION_FORMAT = "dwarf-with-dsym";
				ENABLE_NS_ASSERTIONS = NO;
				ENABLE_STRICT_OBJC_MSGSEND = YES;
				GCC_C_LANGUAGE_STANDARD = gnu11;
				GCC_NO_COMMON_BLOCKS = YES;
				GCC_WARN_64_TO_32_BIT_CONVERSION = YES;
				GCC_WARN_ABOUT_RETURN_TYPE = YES_ERROR;
				GCC_WARN_UNDECLARED_SELECTOR = YES;
				GCC_WARN_UNINITIALIZED_AUTOS = YES_AGGRESSIVE;
				GCC_WARN_UNUSED_FUNCTION = YES;
				GCC_WARN_UNUSED_VARIABLE = YES;
				IPHONEOS_DEPLOYMENT_TARGET = 11.4;
				MTL_ENABLE_DEBUG_INFO = NO;
				SDKROOT = iphoneos;
				SWIFT_COMPILATION_MODE = wholemodule;
				SWIFT_OPTIMIZATION_LEVEL = "-O";
				VALIDATE_PRODUCT = YES;
			};
			name = Release;
		};
		2D641A032153D8C900DCBE71 /* Debug */ = {
			isa = XCBuildConfiguration;
			buildSettings = {
				ASSETCATALOG_COMPILER_APPICON_NAME = AppIcon;
				CODE_SIGN_STYLE = Automatic;
				DEVELOPMENT_TEAM = YET2B73NXD;
				INFOPLIST_FILE = kataLoginLogout/Info.plist;
				LD_RUNPATH_SEARCH_PATHS = (
					"$(inherited)",
					"@executable_path/Frameworks",
				);
				PRODUCT_BUNDLE_IDENTIFIER = aiwin.kataLoginLogout;
				PRODUCT_NAME = "$(TARGET_NAME)";
				SWIFT_VERSION = 4.0;
				TARGETED_DEVICE_FAMILY = "1,2";
			};
			name = Debug;
		};
		2D641A042153D8C900DCBE71 /* Release */ = {
			isa = XCBuildConfiguration;
			buildSettings = {
				ASSETCATALOG_COMPILER_APPICON_NAME = AppIcon;
				CODE_SIGN_STYLE = Automatic;
				DEVELOPMENT_TEAM = YET2B73NXD;
				INFOPLIST_FILE = kataLoginLogout/Info.plist;
				LD_RUNPATH_SEARCH_PATHS = (
					"$(inherited)",
					"@executable_path/Frameworks",
				);
				PRODUCT_BUNDLE_IDENTIFIER = aiwin.kataLoginLogout;
				PRODUCT_NAME = "$(TARGET_NAME)";
				SWIFT_VERSION = 4.0;
				TARGETED_DEVICE_FAMILY = "1,2";
			};
			name = Release;
		};
		2D641A062153D8C900DCBE71 /* Debug */ = {
			isa = XCBuildConfiguration;
			buildSettings = {
				ALWAYS_EMBED_SWIFT_STANDARD_LIBRARIES = YES;
				BUNDLE_LOADER = "$(TEST_HOST)";
				CODE_SIGN_STYLE = Automatic;
				DEVELOPMENT_TEAM = YET2B73NXD;
				INFOPLIST_FILE = kataLoginLogoutTests/Info.plist;
				LD_RUNPATH_SEARCH_PATHS = (
					"$(inherited)",
					"@executable_path/Frameworks",
					"@loader_path/Frameworks",
				);
				PRODUCT_BUNDLE_IDENTIFIER = aiwin.kataLoginLogoutTests;
				PRODUCT_NAME = "$(TARGET_NAME)";
				SWIFT_VERSION = 4.0;
				TARGETED_DEVICE_FAMILY = "1,2";
				TEST_HOST = "$(BUILT_PRODUCTS_DIR)/kataLoginLogout.app/kataLoginLogout";
			};
			name = Debug;
		};
		2D641A072153D8C900DCBE71 /* Release */ = {
			isa = XCBuildConfiguration;
			buildSettings = {
				ALWAYS_EMBED_SWIFT_STANDARD_LIBRARIES = YES;
				BUNDLE_LOADER = "$(TEST_HOST)";
				CODE_SIGN_STYLE = Automatic;
				DEVELOPMENT_TEAM = YET2B73NXD;
				INFOPLIST_FILE = kataLoginLogoutTests/Info.plist;
				LD_RUNPATH_SEARCH_PATHS = (
					"$(inherited)",
					"@executable_path/Frameworks",
					"@loader_path/Frameworks",
				);
				PRODUCT_BUNDLE_IDENTIFIER = aiwin.kataLoginLogoutTests;
				PRODUCT_NAME = "$(TARGET_NAME)";
				SWIFT_VERSION = 4.0;
				TARGETED_DEVICE_FAMILY = "1,2";
				TEST_HOST = "$(BUILT_PRODUCTS_DIR)/kataLoginLogout.app/kataLoginLogout";
			};
			name = Release;
		};
		2D641A092153D8C900DCBE71 /* Debug */ = {
			isa = XCBuildConfiguration;
			buildSettings = {
				ALWAYS_EMBED_SWIFT_STANDARD_LIBRARIES = YES;
				CODE_SIGN_STYLE = Automatic;
				DEVELOPMENT_TEAM = YET2B73NXD;
				INFOPLIST_FILE = kataLoginLogoutUITests/Info.plist;
				LD_RUNPATH_SEARCH_PATHS = (
					"$(inherited)",
					"@executable_path/Frameworks",
					"@loader_path/Frameworks",
				);
				PRODUCT_BUNDLE_IDENTIFIER = aiwin.kataLoginLogoutUITests;
				PRODUCT_NAME = "$(TARGET_NAME)";
				SWIFT_VERSION = 4.0;
				TARGETED_DEVICE_FAMILY = "1,2";
				TEST_TARGET_NAME = kataLoginLogout;
			};
			name = Debug;
		};
		2D641A0A2153D8C900DCBE71 /* Release */ = {
			isa = XCBuildConfiguration;
			buildSettings = {
				ALWAYS_EMBED_SWIFT_STANDARD_LIBRARIES = YES;
				CODE_SIGN_STYLE = Automatic;
				DEVELOPMENT_TEAM = YET2B73NXD;
				INFOPLIST_FILE = kataLoginLogoutUITests/Info.plist;
				LD_RUNPATH_SEARCH_PATHS = (
					"$(inherited)",
					"@executable_path/Frameworks",
					"@loader_path/Frameworks",
				);
				PRODUCT_BUNDLE_IDENTIFIER = aiwin.kataLoginLogoutUITests;
				PRODUCT_NAME = "$(TARGET_NAME)";
				SWIFT_VERSION = 4.0;
				TARGETED_DEVICE_FAMILY = "1,2";
				TEST_TARGET_NAME = kataLoginLogout;
			};
			name = Release;
		};
/* End XCBuildConfiguration section */

/* Begin XCConfigurationList section */
		2D6419D52153D8C800DCBE71 /* Build configuration list for PBXProject "kataLoginLogout" */ = {
			isa = XCConfigurationList;
			buildConfigurations = (
				2D641A002153D8C900DCBE71 /* Debug */,
				2D641A012153D8C900DCBE71 /* Release */,
			);
			defaultConfigurationIsVisible = 0;
			defaultConfigurationName = Release;
		};
		2D641A022153D8C900DCBE71 /* Build configuration list for PBXNativeTarget "kataLoginLogout" */ = {
			isa = XCConfigurationList;
			buildConfigurations = (
				2D641A032153D8C900DCBE71 /* Debug */,
				2D641A042153D8C900DCBE71 /* Release */,
			);
			defaultConfigurationIsVisible = 0;
			defaultConfigurationName = Release;
		};
		2D641A052153D8C900DCBE71 /* Build configuration list for PBXNativeTarget "kataLoginLogoutTests" */ = {
			isa = XCConfigurationList;
			buildConfigurations = (
				2D641A062153D8C900DCBE71 /* Debug */,
				2D641A072153D8C900DCBE71 /* Release */,
			);
			defaultConfigurationIsVisible = 0;
			defaultConfigurationName = Release;
		};
		2D641A082153D8C900DCBE71 /* Build configuration list for PBXNativeTarget "kataLoginLogoutUITests" */ = {
			isa = XCConfigurationList;
			buildConfigurations = (
				2D641A092153D8C900DCBE71 /* Debug */,
				2D641A0A2153D8C900DCBE71 /* Release */,
			);
			defaultConfigurationIsVisible = 0;
			defaultConfigurationName = Release;
		};
/* End XCConfigurationList section */
	};
	rootObject = 2D6419D22153D8C800DCBE71 /* Project object */;
}
